
Microsoft Visual Studio Solution File, Format Version 12.00
# Visual Studio Version 17
VisualStudioVersion = 17.2.32630.192
MinimumVisualStudioVersion = 10.0.40219.1
Project("{FAE04EC0-301F-11D3-BF4B-00C04F79EFBC}") = "uk.co.david.brittain.nfocusspecflow", "uk.co.david.brittain.nfocusspecflow\uk.co.david.brittain.nfocusspecflow.csproj", "{0C32C908-85A6-423A-9D45-DC45C0813745}"
EndProject
Global
	GlobalSection(SolutionConfigurationPlatforms) = preSolution
		Debug|Any CPU = Debug|Any CPU
		Release|Any CPU = Release|Any CPU
	EndGlobalSection
	GlobalSection(ProjectConfigurationPlatforms) = postSolution
		{0C32C908-85A6-423A-9D45-DC45C0813745}.Debug|Any CPU.ActiveCfg = Debug|Any CPU
		{0C32C908-85A6-423A-9D45-DC45C0813745}.Debug|Any CPU.Build.0 = Debug|Any CPU
		{0C32C908-85A6-423A-9D45-DC45C0813745}.Release|Any CPU.ActiveCfg = Release|Any CPU
		{0C32C908-85A6-423A-9D45-DC45C0813745}.Release|Any CPU.Build.0 = Release|Any CPU
	EndGlobalSection
	GlobalSection(SolutionProperties) = preSolution
		HideSolutionNode = FALSE
	EndGlobalSection
	GlobalSection(ExtensibilityGlobals) = postSolution
		SolutionGuid = {F1DB1149-ECA3-465D-8981-9FA369BE295E}
	EndGlobalSection
EndGlobal
